
Microsoft Visual Studio Solution File, Format Version 12.00
# Visual Studio Version 17
VisualStudioVersion = 17.7.34202.233
MinimumVisualStudioVersion = 10.0.40219.1
Project("{FAE04EC0-301F-11D3-BF4B-00C04F79EFBC}") = "HastaneRandevu", "HastaneRandevu\HastaneRandevu.csproj", "{924BBAB0-785F-4417-9109-55ED105FB560}"
EndProject
Global
	GlobalSection(SolutionConfigurationPlatforms) = preSolution
		Debug|Any CPU = Debug|Any CPU
		Release|Any CPU = Release|Any CPU
	EndGlobalSection
	GlobalSection(ProjectConfigurationPlatforms) = postSolution
		{924BBAB0-785F-4417-9109-55ED105FB560}.Debug|Any CPU.ActiveCfg = Debug|Any CPU
		{924BBAB0-785F-4417-9109-55ED105FB560}.Debug|Any CPU.Build.0 = Debug|Any CPU
		{924BBAB0-785F-4417-9109-55ED105FB560}.Release|Any CPU.ActiveCfg = Release|Any CPU
		{924BBAB0-785F-4417-9109-55ED105FB560}.Release|Any CPU.Build.0 = Release|Any CPU
	EndGlobalSection
	GlobalSection(SolutionProperties) = preSolution
		HideSolutionNode = FALSE
	EndGlobalSection
	GlobalSection(ExtensibilityGlobals) = postSolution
		SolutionGuid = {14B5CC98-7F12-4798-8892-5E3ED34B4B33}
	EndGlobalSection
EndGlobal
